
Microsoft Visual Studio Solution File, Format Version 12.00
# Visual Studio Version 17
VisualStudioVersion = 17.3.32929.385
MinimumVisualStudioVersion = 10.0.40219.1
Project("{9A19103F-16F7-4668-BE54-9A1E7A4F7556}") = "MiniStore", "MiniStore.csproj", "{B5DD5D0F-6B25-436A-AC0A-698F5A46940E}"
EndProject
Project("{9A19103F-16F7-4668-BE54-9A1E7A4F7556}") = "MiniStoreTest", "..\MiniStoreTest\MiniStoreTest.csproj", "{F4F5E3AA-77FD-4970-B2CE-6A5EC91516BD}"
EndProject
Global
	GlobalSection(SolutionConfigurationPlatforms) = preSolution
		Debug|Any CPU = Debug|Any CPU
		Release|Any CPU = Release|Any CPU
	EndGlobalSection
	GlobalSection(ProjectConfigurationPlatforms) = postSolution
		{B5DD5D0F-6B25-436A-AC0A-698F5A46940E}.Debug|Any CPU.ActiveCfg = Debug|Any CPU
		{B5DD5D0F-6B25-436A-AC0A-698F5A46940E}.Debug|Any CPU.Build.0 = Debug|Any CPU
		{B5DD5D0F-6B25-436A-AC0A-698F5A46940E}.Release|Any CPU.ActiveCfg = Release|Any CPU
		{B5DD5D0F-6B25-436A-AC0A-698F5A46940E}.Release|Any CPU.Build.0 = Release|Any CPU
		{F4F5E3AA-77FD-4970-B2CE-6A5EC91516BD}.Debug|Any CPU.ActiveCfg = Debug|Any CPU
		{F4F5E3AA-77FD-4970-B2CE-6A5EC91516BD}.Debug|Any CPU.Build.0 = Debug|Any CPU
		{F4F5E3AA-77FD-4970-B2CE-6A5EC91516BD}.Release|Any CPU.ActiveCfg = Release|Any CPU
		{F4F5E3AA-77FD-4970-B2CE-6A5EC91516BD}.Release|Any CPU.Build.0 = Release|Any CPU
	EndGlobalSection
	GlobalSection(SolutionProperties) = preSolution
		HideSolutionNode = FALSE
	EndGlobalSection
	GlobalSection(ExtensibilityGlobals) = postSolution
		SolutionGuid = {9DE9C0FC-55C5-4435-A9DB-EA3791186532}
	EndGlobalSection
EndGlobal
